
Microsoft Visual Studio Solution File, Format Version 9.00
# Visual Studio 2005
Project("{FAE04EC0-301F-11D3-BF4B-00C04F79EFBC}") = "Serenity", "Serenity\Serenity.csproj", "{2013CDED-1043-4FF6-A080-9B3C9BD7B140}"
EndProject
Project("{FAE04EC0-301F-11D3-BF4B-00C04F79EFBC}") = "Server", "Server\Server.csproj", "{36484189-0ED9-48F5-988D-B1398F934F61}"
EndProject
Project("{2150E333-8FDC-42A3-9474-1A3956D46DE8}") = "Examples", "Examples", "{A6D97EDA-1105-468B-B511-A64EFB8640BD}"
EndProject
Project("{FAE04EC0-301F-11D3-BF4B-00C04F79EFBC}") = "HashWidget", "Examples\HashWidget\HashWidget.csproj", "{BEEC0EDD-0CF2-483B-839F-153831343612}"
EndProject
Global
	GlobalSection(SolutionConfigurationPlatforms) = preSolution
		Debug|Any CPU = Debug|Any CPU
		Release|Any CPU = Release|Any CPU
	EndGlobalSection
	GlobalSection(ProjectConfigurationPlatforms) = postSolution
		{2013CDED-1043-4FF6-A080-9B3C9BD7B140}.Debug|Any CPU.ActiveCfg = Debug|Any CPU
		{2013CDED-1043-4FF6-A080-9B3C9BD7B140}.Debug|Any CPU.Build.0 = Debug|Any CPU
		{2013CDED-1043-4FF6-A080-9B3C9BD7B140}.Release|Any CPU.ActiveCfg = Release|Any CPU
		{2013CDED-1043-4FF6-A080-9B3C9BD7B140}.Release|Any CPU.Build.0 = Release|Any CPU
		{36484189-0ED9-48F5-988D-B1398F934F61}.Debug|Any CPU.ActiveCfg = Debug|Any CPU
		{36484189-0ED9-48F5-988D-B1398F934F61}.Debug|Any CPU.Build.0 = Debug|Any CPU
		{36484189-0ED9-48F5-988D-B1398F934F61}.Release|Any CPU.ActiveCfg = Release|Any CPU
		{36484189-0ED9-48F5-988D-B1398F934F61}.Release|Any CPU.Build.0 = Release|Any CPU
		{BEEC0EDD-0CF2-483B-839F-153831343612}.Debug|Any CPU.ActiveCfg = Debug|Any CPU
		{BEEC0EDD-0CF2-483B-839F-153831343612}.Debug|Any CPU.Build.0 = Debug|Any CPU
		{BEEC0EDD-0CF2-483B-839F-153831343612}.Release|Any CPU.ActiveCfg = Release|Any CPU
		{BEEC0EDD-0CF2-483B-839F-153831343612}.Release|Any CPU.Build.0 = Release|Any CPU
	EndGlobalSection
	GlobalSection(SolutionProperties) = preSolution
		HideSolutionNode = FALSE
	EndGlobalSection
	GlobalSection(NestedProjects) = preSolution
		{BEEC0EDD-0CF2-483B-839F-153831343612} = {A6D97EDA-1105-468B-B511-A64EFB8640BD}
	EndGlobalSection
	GlobalSection(TextTemplating) = postSolution
		TextTemplating = 1
	EndGlobalSection
EndGlobal
